// !$*UTF8*$!
{
	archiveVersion = 1;
	classes = {
	};
	objectVersion = 56;
	objects = {

/* Begin PBXBuildFile section */
		214B802B2BEE92500048B461 /* AppDelegate.swift in Sources */ = {isa = PBXBuildFile; fileRef = 214B802A2BEE92500048B461 /* AppDelegate.swift */; };
		214B802D2BEE92500048B461 /* SceneDelegate.swift in Sources */ = {isa = PBXBuildFile; fileRef = 214B802C2BEE92500048B461 /* SceneDelegate.swift */; };
		214B80322BEE92500048B461 /* Base in Resources */ = {isa = PBXBuildFile; fileRef = 214B80312BEE92500048B461 /* Base */; };
		214B80352BEE92500048B461 /* Pokedex.xcdatamodeld in Sources */ = {isa = PBXBuildFile; fileRef = 214B80332BEE92500048B461 /* Pokedex.xcdatamodeld */; };
		214B80372BEE92510048B461 /* Assets.xcassets in Resources */ = {isa = PBXBuildFile; fileRef = 214B80362BEE92510048B461 /* Assets.xcassets */; };
		214B803A2BEE92510048B461 /* Base in Resources */ = {isa = PBXBuildFile; fileRef = 214B80392BEE92510048B461 /* Base */; };
		214B80452BEE92520048B461 /* PokedexTests.swift in Sources */ = {isa = PBXBuildFile; fileRef = 214B80442BEE92520048B461 /* PokedexTests.swift */; };
		214B804F2BEE92520048B461 /* PokedexUITests.swift in Sources */ = {isa = PBXBuildFile; fileRef = 214B804E2BEE92520048B461 /* PokedexUITests.swift */; };
		214B80512BEE92520048B461 /* PokedexUITestsLaunchTests.swift in Sources */ = {isa = PBXBuildFile; fileRef = 214B80502BEE92520048B461 /* PokedexUITestsLaunchTests.swift */; };
		214B805F2BEE93090048B461 /* PokedexViewController.swift in Sources */ = {isa = PBXBuildFile; fileRef = 214B805E2BEE93090048B461 /* PokedexViewController.swift */; };
		214B80612BEFDB070048B461 /* PokemonList.swift in Sources */ = {isa = PBXBuildFile; fileRef = 214B80602BEFDB070048B461 /* PokemonList.swift */; };
		214B80632BEFDC610048B461 /* PokedexViewCell.swift in Sources */ = {isa = PBXBuildFile; fileRef = 214B80622BEFDC610048B461 /* PokedexViewCell.swift */; };
		214B80662BF0F1D70048B461 /* PokemonApi.swift in Sources */ = {isa = PBXBuildFile; fileRef = 214B80652BF0F1D70048B461 /* PokemonApi.swift */; };
		214B80682BF0F9400048B461 /* PokemonSelected.swift in Sources */ = {isa = PBXBuildFile; fileRef = 214B80672BF0F9400048B461 /* PokemonSelected.swift */; };
/* End PBXBuildFile section */

/* Begin PBXContainerItemProxy section */
		214B80412BEE92520048B461 /* PBXContainerItemProxy */ = {
			isa = PBXContainerItemProxy;
			containerPortal = 214B801F2BEE92500048B461 /* Project object */;
			proxyType = 1;
			remoteGlobalIDString = 214B80262BEE92500048B461;
			remoteInfo = Pokedex;
		};
		214B804B2BEE92520048B461 /* PBXContainerItemProxy */ = {
			isa = PBXContainerItemProxy;
			containerPortal = 214B801F2BEE92500048B461 /* Project object */;
			proxyType = 1;
			remoteGlobalIDString = 214B80262BEE92500048B461;
			remoteInfo = Pokedex;
		};
/* End PBXContainerItemProxy section */

/* Begin PBXFileReference section */
		214B80272BEE92500048B461 /* Pokedex.app */ = {isa = PBXFileReference; explicitFileType = wrapper.application; includeInIndex = 0; path = Pokedex.app; sourceTree = BUILT_PRODUCTS_DIR; };
		214B802A2BEE92500048B461 /* AppDelegate.swift */ = {isa = PBXFileReference; lastKnownFileType = sourcecode.swift; path = AppDelegate.swift; sourceTree = "<group>"; };
		214B802C2BEE92500048B461 /* SceneDelegate.swift */ = {isa = PBXFileReference; lastKnownFileType = sourcecode.swift; path = SceneDelegate.swift; sourceTree = "<group>"; };
		214B80312BEE92500048B461 /* Base */ = {isa = PBXFileReference; lastKnownFileType = file.storyboard; name = Base; path = Base.lproj/Main.storyboard; sourceTree = "<group>"; };
		214B80342BEE92500048B461 /* Pokedex.xcdatamodel */ = {isa = PBXFileReference; lastKnownFileType = wrapper.xcdatamodel; path = Pokedex.xcdatamodel; sourceTree = "<group>"; };
		214B80362BEE92510048B461 /* Assets.xcassets */ = {isa = PBXFileReference; lastKnownFileType = folder.assetcatalog; path = Assets.xcassets; sourceTree = "<group>"; };
		214B80392BEE92510048B461 /* Base */ = {isa = PBXFileReference; lastKnownFileType = file.storyboard; name = Base; path = Base.lproj/LaunchScreen.storyboard; sourceTree = "<group>"; };
		214B803B2BEE92510048B461 /* Info.plist */ = {isa = PBXFileReference; lastKnownFileType = text.plist.xml; path = Info.plist; sourceTree = "<group>"; };
		214B80402BEE92520048B461 /* PokedexTests.xctest */ = {isa = PBXFileReference; explicitFileType = wrapper.cfbundle; includeInIndex = 0; path = PokedexTests.xctest; sourceTree = BUILT_PRODUCTS_DIR; };
		214B80442BEE92520048B461 /* PokedexTests.swift */ = {isa = PBXFileReference; lastKnownFileType = sourcecode.swift; path = PokedexTests.swift; sourceTree = "<group>"; };
		214B804A2BEE92520048B461 /* PokedexUITests.xctest */ = {isa = PBXFileReference; explicitFileType = wrapper.cfbundle; includeInIndex = 0; path = PokedexUITests.xctest; sourceTree = BUILT_PRODUCTS_DIR; };
		214B804E2BEE92520048B461 /* PokedexUITests.swift */ = {isa = PBXFileReference; lastKnownFileType = sourcecode.swift; path = PokedexUITests.swift; sourceTree = "<group>"; };
		214B80502BEE92520048B461 /* PokedexUITestsLaunchTests.swift */ = {isa = PBXFileReference; lastKnownFileType = sourcecode.swift; path = PokedexUITestsLaunchTests.swift; sourceTree = "<group>"; };
		214B805E2BEE93090048B461 /* PokedexViewController.swift */ = {isa = PBXFileReference; lastKnownFileType = sourcecode.swift; path = PokedexViewController.swift; sourceTree = "<group>"; };
		214B80602BEFDB070048B461 /* PokemonList.swift */ = {isa = PBXFileReference; lastKnownFileType = sourcecode.swift; path = PokemonList.swift; sourceTree = "<group>"; };
		214B80622BEFDC610048B461 /* PokedexViewCell.swift */ = {isa = PBXFileReference; lastKnownFileType = sourcecode.swift; path = PokedexViewCell.swift; sourceTree = "<group>"; };
		214B80652BF0F1D70048B461 /* PokemonApi.swift */ = {isa = PBXFileReference; lastKnownFileType = sourcecode.swift; path = PokemonApi.swift; sourceTree = "<group>"; };
		214B80672BF0F9400048B461 /* PokemonSelected.swift */ = {isa = PBXFileReference; lastKnownFileType = sourcecode.swift; path = PokemonSelected.swift; sourceTree = "<group>"; };
/* End PBXFileReference section */

/* Begin PBXFrameworksBuildPhase section */
		214B80242BEE92500048B461 /* Frameworks */ = {
			isa = PBXFrameworksBuildPhase;
			buildActionMask = 2147483647;
			files = (
			);
			runOnlyForDeploymentPostprocessing = 0;
		};
		214B803D2BEE92520048B461 /* Frameworks */ = {
			isa = PBXFrameworksBuildPhase;
			buildActionMask = 2147483647;
			files = (
			);
			runOnlyForDeploymentPostprocessing = 0;
		};
		214B80472BEE92520048B461 /* Frameworks */ = {
			isa = PBXFrameworksBuildPhase;
			buildActionMask = 2147483647;
			files = (
			);
			runOnlyForDeploymentPostprocessing = 0;
		};
/* End PBXFrameworksBuildPhase section */

/* Begin PBXGroup section */
		214B801E2BEE92500048B461 = {
			isa = PBXGroup;
			children = (
				214B80292BEE92500048B461 /* Pokedex */,
				214B80432BEE92520048B461 /* PokedexTests */,
				214B804D2BEE92520048B461 /* PokedexUITests */,
				214B80282BEE92500048B461 /* Products */,
			);
			sourceTree = "<group>";
		};
		214B80282BEE92500048B461 /* Products */ = {
			isa = PBXGroup;
			children = (
				214B80272BEE92500048B461 /* Pokedex.app */,
				214B80402BEE92520048B461 /* PokedexTests.xctest */,
				214B804A2BEE92520048B461 /* PokedexUITests.xctest */,
			);
			name = Products;
			sourceTree = "<group>";
		};
		214B80292BEE92500048B461 /* Pokedex */ = {
			isa = PBXGroup;
			children = (
				214B80642BF0F1C60048B461 /* Api */,
				214B805D2BEE92F00048B461 /* PokedexView */,
				214B802A2BEE92500048B461 /* AppDelegate.swift */,
				214B802C2BEE92500048B461 /* SceneDelegate.swift */,
				214B80302BEE92500048B461 /* Main.storyboard */,
				214B80362BEE92510048B461 /* Assets.xcassets */,
				214B80382BEE92510048B461 /* LaunchScreen.storyboard */,
				214B803B2BEE92510048B461 /* Info.plist */,
				214B80332BEE92500048B461 /* Pokedex.xcdatamodeld */,
				214B80602BEFDB070048B461 /* PokemonList.swift */,
			);
			path = Pokedex;
			sourceTree = "<group>";
		};
		214B80432BEE92520048B461 /* PokedexTests */ = {
			isa = PBXGroup;
			children = (
				214B80442BEE92520048B461 /* PokedexTests.swift */,
			);
			path = PokedexTests;
			sourceTree = "<group>";
		};
		214B804D2BEE92520048B461 /* PokedexUITests */ = {
			isa = PBXGroup;
			children = (
				214B804E2BEE92520048B461 /* PokedexUITests.swift */,
				214B80502BEE92520048B461 /* PokedexUITestsLaunchTests.swift */,
			);
			path = PokedexUITests;
			sourceTree = "<group>";
		};
		214B805D2BEE92F00048B461 /* PokedexView */ = {
			isa = PBXGroup;
			children = (
				214B805E2BEE93090048B461 /* PokedexViewController.swift */,
				214B80622BEFDC610048B461 /* PokedexViewCell.swift */,
			);
			path = PokedexView;
			sourceTree = "<group>";
		};
		214B80642BF0F1C60048B461 /* Api */ = {
			isa = PBXGroup;
			children = (
				214B80652BF0F1D70048B461 /* PokemonApi.swift */,
				214B80672BF0F9400048B461 /* PokemonSelected.swift */,
			);
			path = Api;
			sourceTree = "<group>";
		};
/* End PBXGroup section */

/* Begin PBXNativeTarget section */
		214B80262BEE92500048B461 /* Pokedex */ = {
			isa = PBXNativeTarget;
			buildConfigurationList = 214B80542BEE92520048B461 /* Build configuration list for PBXNativeTarget "Pokedex" */;
			buildPhases = (
				214B80232BEE92500048B461 /* Sources */,
				214B80242BEE92500048B461 /* Frameworks */,
				214B80252BEE92500048B461 /* Resources */,
			);
			buildRules = (
			);
			dependencies = (
			);
			name = Pokedex;
			productName = Pokedex;
			productReference = 214B80272BEE92500048B461 /* Pokedex.app */;
			productType = "com.apple.product-type.application";
		};
		214B803F2BEE92520048B461 /* PokedexTests */ = {
			isa = PBXNativeTarget;
			buildConfigurationList = 214B80572BEE92520048B461 /* Build configuration list for PBXNativeTarget "PokedexTests" */;
			buildPhases = (
				214B803C2BEE92520048B461 /* Sources */,
				214B803D2BEE92520048B461 /* Frameworks */,
				214B803E2BEE92520048B461 /* Resources */,
			);
			buildRules = (
			);
			dependencies = (
				214B80422BEE92520048B461 /* PBXTargetDependency */,
			);
			name = PokedexTests;
			productName = PokedexTests;
			productReference = 214B80402BEE92520048B461 /* PokedexTests.xctest */;
			productType = "com.apple.product-type.bundle.unit-test";
		};
		214B80492BEE92520048B461 /* PokedexUITests */ = {
			isa = PBXNativeTarget;
			buildConfigurationList = 214B805A2BEE92520048B461 /* Build configuration list for PBXNativeTarget "PokedexUITests" */;
			buildPhases = (
				214B80462BEE92520048B461 /* Sources */,
				214B80472BEE92520048B461 /* Frameworks */,
				214B80482BEE92520048B461 /* Resources */,
			);
			buildRules = (
			);
			dependencies = (
				214B804C2BEE92520048B461 /* PBXTargetDependency */,
			);
			name = PokedexUITests;
			productName = PokedexUITests;
			productReference = 214B804A2BEE92520048B461 /* PokedexUITests.xctest */;
			productType = "com.apple.product-type.bundle.ui-testing";
		};
/* End PBXNativeTarget section */

/* Begin PBXProject section */
		214B801F2BEE92500048B461 /* Project object */ = {
			isa = PBXProject;
			attributes = {
				BuildIndependentTargetsInParallel = 1;
				LastSwiftUpdateCheck = 1530;
				LastUpgradeCheck = 1530;
				TargetAttributes = {
					214B80262BEE92500048B461 = {
						CreatedOnToolsVersion = 15.3;
					};
					214B803F2BEE92520048B461 = {
						CreatedOnToolsVersion = 15.3;
						TestTargetID = 214B80262BEE92500048B461;
					};
					214B80492BEE92520048B461 = {
						CreatedOnToolsVersion = 15.3;
						TestTargetID = 214B80262BEE92500048B461;
					};
				};
			};
			buildConfigurationList = 214B80222BEE92500048B461 /* Build configuration list for PBXProject "Pokedex" */;
			compatibilityVersion = "Xcode 14.0";
			developmentRegion = en;
			hasScannedForEncodings = 0;
			knownRegions = (
				en,
				Base,
			);
			mainGroup = 214B801E2BEE92500048B461;
			productRefGroup = 214B80282BEE92500048B461 /* Products */;
			projectDirPath = "";
			projectRoot = "";
			targets = (
				214B80262BEE92500048B461 /* Pokedex */,
				214B803F2BEE92520048B461 /* PokedexTests */,
				214B80492BEE92520048B461 /* PokedexUITests */,
			);
		};
/* End PBXProject section */

/* Begin PBXResourcesBuildPhase section */
		214B80252BEE92500048B461 /* Resources */ = {
			isa = PBXResourcesBuildPhase;
			buildActionMask = 2147483647;
			files = (
				214B80372BEE92510048B461 /* Assets.xcassets in Resources */,
				214B803A2BEE92510048B461 /* Base in Resources */,
				214B80322BEE92500048B461 /* Base in Resources */,
			);
			runOnlyForDeploymentPostprocessing = 0;
		};
		214B803E2BEE92520048B461 /* Resources */ = {
			isa = PBXResourcesBuildPhase;
			buildActionMask = 2147483647;
			files = (
			);
			runOnlyForDeploymentPostprocessing = 0;
		};
		214B80482BEE92520048B461 /* Resources */ = {
			isa = PBXResourcesBuildPhase;
			buildActionMask = 2147483647;
			files = (
			);
			runOnlyForDeploymentPostprocessing = 0;
		};
/* End PBXResourcesBuildPhase section */

/* Begin PBXSourcesBuildPhase section */
		214B80232BEE92500048B461 /* Sources */ = {
			isa = PBXSourcesBuildPhase;
			buildActionMask = 2147483647;
			files = (
				214B805F2BEE93090048B461 /* PokedexViewController.swift in Sources */,
				214B80632BEFDC610048B461 /* PokedexViewCell.swift in Sources */,
				214B80682BF0F9400048B461 /* PokemonSelected.swift in Sources */,
				214B80352BEE92500048B461 /* Pokedex.xcdatamodeld in Sources */,
				214B802B2BEE92500048B461 /* AppDelegate.swift in Sources */,
				214B802D2BEE92500048B461 /* SceneDelegate.swift in Sources */,
				214B80662BF0F1D70048B461 /* PokemonApi.swift in Sources */,
				214B80612BEFDB070048B461 /* PokemonList.swift in Sources */,
			);
			runOnlyForDeploymentPostprocessing = 0;
		};
		214B803C2BEE92520048B461 /* Sources */ = {
			isa = PBXSourcesBuildPhase;
			buildActionMask = 2147483647;
			files = (
				214B80452BEE92520048B461 /* PokedexTests.swift in Sources */,
			);
			runOnlyForDeploymentPostprocessing = 0;
		};
		214B80462BEE92520048B461 /* Sources */ = {
			isa = PBXSourcesBuildPhase;
			buildActionMask = 2147483647;
			files = (
				214B804F2BEE92520048B461 /* PokedexUITests.swift in Sources */,
				214B80512BEE92520048B461 /* PokedexUITestsLaunchTests.swift in Sources */,
			);
			runOnlyForDeploymentPostprocessing = 0;
		};
/* End PBXSourcesBuildPhase section */

/* Begin PBXTargetDependency section */
		214B80422BEE92520048B461 /* PBXTargetDependency */ = {
			isa = PBXTargetDependency;
			target = 214B80262BEE92500048B461 /* Pokedex */;
			targetProxy = 214B80412BEE92520048B461 /* PBXContainerItemProxy */;
		};
		214B804C2BEE92520048B461 /* PBXTargetDependency */ = {
			isa = PBXTargetDependency;
			target = 214B80262BEE92500048B461 /* Pokedex */;
			targetProxy = 214B804B2BEE92520048B461 /* PBXContainerItemProxy */;
		};
/* End PBXTargetDependency section */

/* Begin PBXVariantGroup section */
		214B80302BEE92500048B461 /* Main.storyboard */ = {
			isa = PBXVariantGroup;
			children = (
				214B80312BEE92500048B461 /* Base */,
			);
			name = Main.storyboard;
			sourceTree = "<group>";
		};
		214B80382BEE92510048B461 /* LaunchScreen.storyboard */ = {
			isa = PBXVariantGroup;
			children = (
				214B80392BEE92510048B461 /* Base */,
			);
			name = LaunchScreen.storyboard;
			sourceTree = "<group>";
		};
/* End PBXVariantGroup section */

/* Begin XCBuildConfiguration section */
		214B80522BEE92520048B461 /* Debug */ = {
			isa = XCBuildConfiguration;
			buildSettings = {
				ALWAYS_SEARCH_USER_PATHS = NO;
				ASSETCATALOG_COMPILER_GENERATE_SWIFT_ASSET_SYMBOL_EXTENSIONS = YES;
				CLANG_ANALYZER_NONNULL = YES;
				CLANG_ANALYZER_NUMBER_OBJECT_CONVERSION = YES_AGGRESSIVE;
				CLANG_CXX_LANGUAGE_STANDARD = "gnu++20";
				CLANG_ENABLE_MODULES = YES;
				CLANG_ENABLE_OBJC_ARC = YES;
				CLANG_ENABLE_OBJC_WEAK = YES;
				CLANG_WARN_BLOCK_CAPTURE_AUTORELEASING = YES;
				CLANG_WARN_BOOL_CONVERSION = YES;
				CLANG_WARN_COMMA = YES;
				CLANG_WARN_CONSTANT_CONVERSION = YES;
				CLANG_WARN_DEPRECATED_OBJC_IMPLEMENTATIONS = YES;
				CLANG_WARN_DIRECT_OBJC_ISA_USAGE = YES_ERROR;
				CLANG_WARN_DOCUMENTATION_COMMENTS = YES;
				CLANG_WARN_EMPTY_BODY = YES;
				CLANG_WARN_ENUM_CONVERSION = YES;
				CLANG_WARN_INFINITE_RECURSION = YES;
				CLANG_WARN_INT_CONVERSION = YES;
				CLANG_WARN_NON_LITERAL_NULL_CONVERSION = YES;
				CLANG_WARN_OBJC_IMPLICIT_RETAIN_SELF = YES;
				CLANG_WARN_OBJC_LITERAL_CONVERSION = YES;
				CLANG_WARN_OBJC_ROOT_CLASS = YES_ERROR;
				CLANG_WARN_QUOTED_INCLUDE_IN_FRAMEWORK_HEADER = YES;
				CLANG_WARN_RANGE_LOOP_ANALYSIS = YES;
				CLANG_WARN_STRICT_PROTOTYPES = YES;
				CLANG_WARN_SUSPICIOUS_MOVE = YES;
				CLANG_WARN_UNGUARDED_AVAILABILITY = YES_AGGRESSIVE;
				CLANG_WARN_UNREACHABLE_CODE = YES;
				CLANG_WARN__DUPLICATE_METHOD_MATCH = YES;
				COPY_PHASE_STRIP = NO;
				DEBUG_INFORMATION_FORMAT = dwarf;
				ENABLE_STRICT_OBJC_MSGSEND = YES;
				ENABLE_TESTABILITY = YES;
				ENABLE_USER_SCRIPT_SANDBOXING = YES;
				GCC_C_LANGUAGE_STANDARD = gnu17;
				GCC_DYNAMIC_NO_PIC = NO;
				GCC_NO_COMMON_BLOCKS = YES;
				GCC_OPTIMIZATION_LEVEL = 0;
				GCC_PREPROCESSOR_DEFINITIONS = (
					"DEBUG=1",
					"$(inherited)",
				);
				GCC_WARN_64_TO_32_BIT_CONVERSION = YES;
				GCC_WARN_ABOUT_RETURN_TYPE = YES_ERROR;
				GCC_WARN_UNDECLARED_SELECTOR = YES;
				GCC_WARN_UNINITIALIZED_AUTOS = YES_AGGRESSIVE;
				GCC_WARN_UNUSED_FUNCTION = YES;
				GCC_WARN_UNUSED_VARIABLE = YES;
				IPHONEOS_DEPLOYMENT_TARGET = 17.4;
				LOCALIZATION_PREFERS_STRING_CATALOGS = YES;
				MTL_ENABLE_DEBUG_INFO = INCLUDE_SOURCE;
				MTL_FAST_MATH = YES;
				ONLY_ACTIVE_ARCH = YES;
				SDKROOT = iphoneos;
				SWIFT_ACTIVE_COMPILATION_CONDITIONS = "DEBUG $(inherited)";
				SWIFT_OPTIMIZATION_LEVEL = "-Onone";
			};
			name = Debug;
		};
		214B80532BEE92520048B461 /* Release */ = {
			isa = XCBuildConfiguration;
			buildSettings = {
				ALWAYS_SEARCH_USER_PATHS = NO;
				ASSETCATALOG_COMPILER_GENERATE_SWIFT_ASSET_SYMBOL_EXTENSIONS = YES;
				CLANG_ANALYZER_NONNULL = YES;
				CLANG_ANALYZER_NUMBER_OBJECT_CONVERSION = YES_AGGRESSIVE;
				CLANG_CXX_LANGUAGE_STANDARD = "gnu++20";
				CLANG_ENABLE_MODULES = YES;
				CLANG_ENABLE_OBJC_ARC = YES;
				CLANG_ENABLE_OBJC_WEAK = YES;
				CLANG_WARN_BLOCK_CAPTURE_AUTORELEASING = YES;
				CLANG_WARN_BOOL_CONVERSION = YES;
				CLANG_WARN_COMMA = YES;
				CLANG_WARN_CONSTANT_CONVERSION = YES;
				CLANG_WARN_DEPRECATED_OBJC_IMPLEMENTATIONS = YES;
				CLANG_WARN_DIRECT_OBJC_ISA_USAGE = YES_ERROR;
				CLANG_WARN_DOCUMENTATION_COMMENTS = YES;
				CLANG_WARN_EMPTY_BODY = YES;
				CLANG_WARN_ENUM_CONVERSION = YES;
				CLANG_WARN_INFINITE_RECURSION = YES;
				CLANG_WARN_INT_CONVERSION = YES;
				CLANG_WARN_NON_LITERAL_NULL_CONVERSION = YES;
				CLANG_WARN_OBJC_IMPLICIT_RETAIN_SELF = YES;
				CLANG_WARN_OBJC_LITERAL_CONVERSION = YES;
				CLANG_WARN_OBJC_ROOT_CLASS = YES_ERROR;
				CLANG_WARN_QUOTED_INCLUDE_IN_FRAMEWORK_HEADER = YES;
				CLANG_WARN_RANGE_LOOP_ANALYSIS = YES;
				CLANG_WARN_STRICT_PROTOTYPES = YES;
				CLANG_WARN_SUSPICIOUS_MOVE = YES;
				CLANG_WARN_UNGUARDED_AVAILABILITY = YES_AGGRESSIVE;
				CLANG_WARN_UNREACHABLE_CODE = YES;
				CLANG_WARN__DUPLICATE_METHOD_MATCH = YES;
				COPY_PHASE_STRIP = NO;
				DEBUG_INFORMATION_FORMAT = "dwarf-with-dsym";
				ENABLE_NS_ASSERTIONS = NO;
				ENABLE_STRICT_OBJC_MSGSEND = YES;
				ENABLE_USER_SCRIPT_SANDBOXING = YES;
				GCC_C_LANGUAGE_STANDARD = gnu17;
				GCC_NO_COMMON_BLOCKS = YES;
				GCC_WARN_64_TO_32_BIT_CONVERSION = YES;
				GCC_WARN_ABOUT_RETURN_TYPE = YES_ERROR;
				GCC_WARN_UNDECLARED_SELECTOR = YES;
				GCC_WARN_UNINITIALIZED_AUTOS = YES_AGGRESSIVE;
				GCC_WARN_UNUSED_FUNCTION = YES;
				GCC_WARN_UNUSED_VARIABLE = YES;
				IPHONEOS_DEPLOYMENT_TARGET = 17.4;
				LOCALIZATION_PREFERS_STRING_CATALOGS = YES;
				MTL_ENABLE_DEBUG_INFO = NO;
				MTL_FAST_MATH = YES;
				SDKROOT = iphoneos;
				SWIFT_COMPILATION_MODE = wholemodule;
				VALIDATE_PRODUCT = YES;
			};
			name = Release;
		};
		214B80552BEE92520048B461 /* Debug */ = {
			isa = XCBuildConfiguration;
			buildSettings = {
				ASSETCATALOG_COMPILER_APPICON_NAME = AppIcon;
				ASSETCATALOG_COMPILER_GLOBAL_ACCENT_COLOR_NAME = AccentColor;
				CODE_SIGN_STYLE = Automatic;
				CURRENT_PROJECT_VERSION = 1;
				DEVELOPMENT_TEAM = P87WDJBUA5;
				GENERATE_INFOPLIST_FILE = YES;
				INFOPLIST_FILE = Pokedex/Info.plist;
				INFOPLIST_KEY_UIApplicationSupportsIndirectInputEvents = YES;
				INFOPLIST_KEY_UILaunchStoryboardName = LaunchScreen;
				INFOPLIST_KEY_UIMainStoryboardFile = Main;
				INFOPLIST_KEY_UISupportedInterfaceOrientations_iPad = "UIInterfaceOrientationPortrait UIInterfaceOrientationPortraitUpsideDown UIInterfaceOrientationLandscapeLeft UIInterfaceOrientationLandscapeRight";
				INFOPLIST_KEY_UISupportedInterfaceOrientations_iPhone = "UIInterfaceOrientationPortrait UIInterfaceOrientationLandscapeLeft UIInterfaceOrientationLandscapeRight";
				LD_RUNPATH_SEARCH_PATHS = (
					"$(inherited)",
					"@executable_path/Frameworks",
				);
				MARKETING_VERSION = 1.0;
				PRODUCT_BUNDLE_IDENTIFIER = ru.usvladis.Pokedex;
				PRODUCT_NAME = "$(TARGET_NAME)";
				SWIFT_EMIT_LOC_STRINGS = YES;
				SWIFT_VERSION = 5.0;
				TARGETED_DEVICE_FAMILY = "1,2";
			};
			name = Debug;
		};
		214B80562BEE92520048B461 /* Release */ = {
			isa = XCBuildConfiguration;
			buildSettings = {
				ASSETCATALOG_COMPILER_APPICON_NAME = AppIcon;
				ASSETCATALOG_COMPILER_GLOBAL_ACCENT_COLOR_NAME = AccentColor;
				CODE_SIGN_STYLE = Automatic;
				CURRENT_PROJECT_VERSION = 1;
				DEVELOPMENT_TEAM = P87WDJBUA5;
				GENERATE_INFOPLIST_FILE = YES;
				INFOPLIST_FILE = Pokedex/Info.plist;
				INFOPLIST_KEY_UIApplicationSupportsIndirectInputEvents = YES;
				INFOPLIST_KEY_UILaunchStoryboardName = LaunchScreen;
				INFOPLIST_KEY_UIMainStoryboardFile = Main;
				INFOPLIST_KEY_UISupportedInterfaceOrientations_iPad = "UIInterfaceOrientationPortrait UIInterfaceOrientationPortraitUpsideDown UIInterfaceOrientationLandscapeLeft UIInterfaceOrientationLandscapeRight";
				INFOPLIST_KEY_UISupportedInterfaceOrientations_iPhone = "UIInterfaceOrientationPortrait UIInterfaceOrientationLandscapeLeft UIInterfaceOrientationLandscapeRight";
				LD_RUNPATH_SEARCH_PATHS = (
					"$(inherited)",
					"@executable_path/Frameworks",
				);
				MARKETING_VERSION = 1.0;
				PRODUCT_BUNDLE_IDENTIFIER = ru.usvladis.Pokedex;
				PRODUCT_NAME = "$(TARGET_NAME)";
				SWIFT_EMIT_LOC_STRINGS = YES;
				SWIFT_VERSION = 5.0;
				TARGETED_DEVICE_FAMILY = "1,2";
			};
			name = Release;
		};
		214B80582BEE92520048B461 /* Debug */ = {
			isa = XCBuildConfiguration;
			buildSettings = {
				ALWAYS_EMBED_SWIFT_STANDARD_LIBRARIES = YES;
				BUNDLE_LOADER = "$(TEST_HOST)";
				CODE_SIGN_STYLE = Automatic;
				CURRENT_PROJECT_VERSION = 1;
				DEVELOPMENT_TEAM = P87WDJBUA5;
				GENERATE_INFOPLIST_FILE = YES;
				IPHONEOS_DEPLOYMENT_TARGET = 17.4;
				MARKETING_VERSION = 1.0;
				PRODUCT_BUNDLE_IDENTIFIER = ru.usvladis.PokedexTests;
				PRODUCT_NAME = "$(TARGET_NAME)";
				SWIFT_EMIT_LOC_STRINGS = NO;
				SWIFT_VERSION = 5.0;
				TARGETED_DEVICE_FAMILY = "1,2";
				TEST_HOST = "$(BUILT_PRODUCTS_DIR)/Pokedex.app/$(BUNDLE_EXECUTABLE_FOLDER_PATH)/Pokedex";
			};
			name = Debug;
		};
		214B80592BEE92520048B461 /* Release */ = {
			isa = XCBuildConfiguration;
			buildSettings = {
				ALWAYS_EMBED_SWIFT_STANDARD_LIBRARIES = YES;
				BUNDLE_LOADER = "$(TEST_HOST)";
				CODE_SIGN_STYLE = Automatic;
				CURRENT_PROJECT_VERSION = 1;
				DEVELOPMENT_TEAM = P87WDJBUA5;
				GENERATE_INFOPLIST_FILE = YES;
				IPHONEOS_DEPLOYMENT_TARGET = 17.4;
				MARKETING_VERSION = 1.0;
				PRODUCT_BUNDLE_IDENTIFIER = ru.usvladis.PokedexTests;
				PRODUCT_NAME = "$(TARGET_NAME)";
				SWIFT_EMIT_LOC_STRINGS = NO;
				SWIFT_VERSION = 5.0;
				TARGETED_DEVICE_FAMILY = "1,2";
				TEST_HOST = "$(BUILT_PRODUCTS_DIR)/Pokedex.app/$(BUNDLE_EXECUTABLE_FOLDER_PATH)/Pokedex";
			};
			name = Release;
		};
		214B805B2BEE92520048B461 /* Debug */ = {
			isa = XCBuildConfiguration;
			buildSettings = {
				ALWAYS_EMBED_SWIFT_STANDARD_LIBRARIES = YES;
				CODE_SIGN_STYLE = Automatic;
				CURRENT_PROJECT_VERSION = 1;
				DEVELOPMENT_TEAM = P87WDJBUA5;
				GENERATE_INFOPLIST_FILE = YES;
				MARKETING_VERSION = 1.0;
				PRODUCT_BUNDLE_IDENTIFIER = ru.usvladis.PokedexUITests;
				PRODUCT_NAME = "$(TARGET_NAME)";
				SWIFT_EMIT_LOC_STRINGS = NO;
				SWIFT_VERSION = 5.0;
				TARGETED_DEVICE_FAMILY = "1,2";
				TEST_TARGET_NAME = Pokedex;
			};
			name = Debug;
		};
		214B805C2BEE92520048B461 /* Release */ = {
			isa = XCBuildConfiguration;
			buildSettings = {
				ALWAYS_EMBED_SWIFT_STANDARD_LIBRARIES = YES;
				CODE_SIGN_STYLE = Automatic;
				CURRENT_PROJECT_VERSION = 1;
				DEVELOPMENT_TEAM = P87WDJBUA5;
				GENERATE_INFOPLIST_FILE = YES;
				MARKETING_VERSION = 1.0;
				PRODUCT_BUNDLE_IDENTIFIER = ru.usvladis.PokedexUITests;
				PRODUCT_NAME = "$(TARGET_NAME)";
				SWIFT_EMIT_LOC_STRINGS = NO;
				SWIFT_VERSION = 5.0;
				TARGETED_DEVICE_FAMILY = "1,2";
				TEST_TARGET_NAME = Pokedex;
			};
			name = Release;
		};
/* End XCBuildConfiguration section */

/* Begin XCConfigurationList section */
		214B80222BEE92500048B461 /* Build configuration list for PBXProject "Pokedex" */ = {
			isa = XCConfigurationList;
			buildConfigurations = (
				214B80522BEE92520048B461 /* Debug */,
				214B80532BEE92520048B461 /* Release */,
			);
			defaultConfigurationIsVisible = 0;
			defaultConfigurationName = Release;
		};
		214B80542BEE92520048B461 /* Build configuration list for PBXNativeTarget "Pokedex" */ = {
			isa = XCConfigurationList;
			buildConfigurations = (
				214B80552BEE92520048B461 /* Debug */,
				214B80562BEE92520048B461 /* Release */,
			);
			defaultConfigurationIsVisible = 0;
			defaultConfigurationName = Release;
		};
		214B80572BEE92520048B461 /* Build configuration list for PBXNativeTarget "PokedexTests" */ = {
			isa = XCConfigurationList;
			buildConfigurations = (
				214B80582BEE92520048B461 /* Debug */,
				214B80592BEE92520048B461 /* Release */,
			);
			defaultConfigurationIsVisible = 0;
			defaultConfigurationName = Release;
		};
		214B805A2BEE92520048B461 /* Build configuration list for PBXNativeTarget "PokedexUITests" */ = {
			isa = XCConfigurationList;
			buildConfigurations = (
				214B805B2BEE92520048B461 /* Debug */,
				214B805C2BEE92520048B461 /* Release */,
			);
			defaultConfigurationIsVisible = 0;
			defaultConfigurationName = Release;
		};
/* End XCConfigurationList section */

/* Begin XCVersionGroup section */
		214B80332BEE92500048B461 /* Pokedex.xcdatamodeld */ = {
			isa = XCVersionGroup;
			children = (
				214B80342BEE92500048B461 /* Pokedex.xcdatamodel */,
			);
			currentVersion = 214B80342BEE92500048B461 /* Pokedex.xcdatamodel */;
			path = Pokedex.xcdatamodeld;
			sourceTree = "<group>";
			versionGroupType = wrapper.xcdatamodel;
		};
/* End XCVersionGroup section */
	};
	rootObject = 214B801F2BEE92500048B461 /* Project object */;
}
