{
  "originHash" : "1ef2b0617f1bd6f01a416b94b230eabcd4fa6960bbc476ab654f2c04d9fdb1d0",
  "pins" : [
    {
      "identity" : "progresshud",
      "kind" : "remoteSourceControl",
      "location" : "https://github.com/relatedcode/ProgressHUD",
      "state" : {
        "revision" : "22c3f83268b4c47b4623fe3a9701af7310fa8d8a",
        "version" : "13.6.1"
      }
    }
  ],
  "version" : 3
}
